// !$*UTF8*$!
{
	archiveVersion = 1;
	classes = {
	};
	objectVersion = 56;
	objects = {

/* Begin PBXBuildFile section */
		8BDE37352CAA9C04000C4034 /* TrendingMoviesApp.swift in Sources */ = {isa = PBXBuildFile; fileRef = 8BDE37342CAA9C04000C4034 /* TrendingMoviesApp.swift */; };
		8BDE37372CAA9C04000C4034 /* ContentView.swift in Sources */ = {isa = PBXBuildFile; fileRef = 8BDE37362CAA9C04000C4034 /* ContentView.swift */; };
		8BDE37392CAA9C05000C4034 /* Assets.xcassets in Resources */ = {isa = PBXBuildFile; fileRef = 8BDE37382CAA9C05000C4034 /* Assets.xcassets */; };
		8BDE373C2CAA9C05000C4034 /* Preview Assets.xcassets in Resources */ = {isa = PBXBuildFile; fileRef = 8BDE373B2CAA9C05000C4034 /* Preview Assets.xcassets */; };
		8BDE37632CAA9C97000C4034 /* MovieListView.swift in Sources */ = {isa = PBXBuildFile; fileRef = 8BDE37622CAA9C97000C4034 /* MovieListView.swift */; };
		8BDE37652CAA9F72000C4034 /* MovieListViewModel.swift in Sources */ = {isa = PBXBuildFile; fileRef = 8BDE37642CAA9F72000C4034 /* MovieListViewModel.swift */; };
		8BDE37672CAA9F9F000C4034 /* MovieCellView.swift in Sources */ = {isa = PBXBuildFile; fileRef = 8BDE37662CAA9F9F000C4034 /* MovieCellView.swift */; };
		8BDE376C2CAAA02C000C4034 /* NetworkService.swift in Sources */ = {isa = PBXBuildFile; fileRef = 8BDE376B2CAAA02C000C4034 /* NetworkService.swift */; };
		8BDE376E2CAAA0FE000C4034 /* Movie.swift in Sources */ = {isa = PBXBuildFile; fileRef = 8BDE376D2CAAA0FE000C4034 /* Movie.swift */; };
		8BDE37702CAAA4D2000C4034 /* MovieResponse.swift in Sources */ = {isa = PBXBuildFile; fileRef = 8BDE376F2CAAA4D2000C4034 /* MovieResponse.swift */; };
		8BDE37732CAAAC33000C4034 /* SplashScreen.swift in Sources */ = {isa = PBXBuildFile; fileRef = 8BDE37722CAAAC33000C4034 /* SplashScreen.swift */; };
		8BDE37752CAAC662000C4034 /* Genre.swift in Sources */ = {isa = PBXBuildFile; fileRef = 8BDE37742CAAC662000C4034 /* Genre.swift */; };
		8BDE37772CAAC678000C4034 /* GenreViewModel.swift in Sources */ = {isa = PBXBuildFile; fileRef = 8BDE37762CAAC678000C4034 /* GenreViewModel.swift */; };
		8BDE37792CAAC8DC000C4034 /* FilterChip.swift in Sources */ = {isa = PBXBuildFile; fileRef = 8BDE37782CAAC8DC000C4034 /* FilterChip.swift */; };
		8BDE377B2CAACF6A000C4034 /* CachingManager.swift in Sources */ = {isa = PBXBuildFile; fileRef = 8BDE377A2CAACF6A000C4034 /* CachingManager.swift */; };
		8BDE377E2CAAD6D8000C4034 /* Movie.xcdatamodeld in Sources */ = {isa = PBXBuildFile; fileRef = 8BDE377C2CAAD6D8000C4034 /* Movie.xcdatamodeld */; };
		8BDE37812CAAD90C000C4034 /* SceneDelegate.swift in Sources */ = {isa = PBXBuildFile; fileRef = 8BDE37802CAAD90C000C4034 /* SceneDelegate.swift */; };
		8BDE37832CAAE0C8000C4034 /* MovieDetailsView.swift in Sources */ = {isa = PBXBuildFile; fileRef = 8BDE37822CAAE0C8000C4034 /* MovieDetailsView.swift */; };
		8BDE37852CAAE122000C4034 /* MovieDetailsViewModel.swift in Sources */ = {isa = PBXBuildFile; fileRef = 8BDE37842CAAE122000C4034 /* MovieDetailsViewModel.swift */; };
		8BDE37872CAAE25F000C4034 /* MovieDetails.swift in Sources */ = {isa = PBXBuildFile; fileRef = 8BDE37862CAAE25F000C4034 /* MovieDetails.swift */; };
		8BDE37892CABE9CE000C4034 /* NetworkMonitor.swift in Sources */ = {isa = PBXBuildFile; fileRef = 8BDE37882CABE9CE000C4034 /* NetworkMonitor.swift */; };
		8BDE378D2CAC18E6000C4034 /* Constants.swift in Sources */ = {isa = PBXBuildFile; fileRef = 8BDE378C2CAC18E6000C4034 /* Constants.swift */; };
		8BDE378F2CAC1C06000C4034 /* AppUtils.swift in Sources */ = {isa = PBXBuildFile; fileRef = 8BDE378E2CAC1C06000C4034 /* AppUtils.swift */; };
		8BDE37922CAC279A000C4034 /* MovieListViewModelTests.swift in Sources */ = {isa = PBXBuildFile; fileRef = 8BDE37912CAC279A000C4034 /* MovieListViewModelTests.swift */; };
		8BDE37942CAC3A84000C4034 /* Helpers.swift in Sources */ = {isa = PBXBuildFile; fileRef = 8BDE37932CAC3A84000C4034 /* Helpers.swift */; };
		8BDE37972CAC3ACF000C4034 /* MoviesResponse.json in Resources */ = {isa = PBXBuildFile; fileRef = 8BDE37962CAC3ACF000C4034 /* MoviesResponse.json */; };
		8BDE37992CAD437F000C4034 /* GenreViewModelTests.swift in Sources */ = {isa = PBXBuildFile; fileRef = 8BDE37982CAD437F000C4034 /* GenreViewModelTests.swift */; };
		8BDE379D2CAD44E9000C4034 /* GenresResponse.json in Resources */ = {isa = PBXBuildFile; fileRef = 8BDE379C2CAD44E9000C4034 /* GenresResponse.json */; };
		8BDE379F2CAD46B0000C4034 /* MovieDetailsViewModelTests.swift in Sources */ = {isa = PBXBuildFile; fileRef = 8BDE379E2CAD46B0000C4034 /* MovieDetailsViewModelTests.swift */; };
		8BDE37A12CAD4798000C4034 /* MovieDetailsResponse.json in Resources */ = {isa = PBXBuildFile; fileRef = 8BDE37A02CAD4798000C4034 /* MovieDetailsResponse.json */; };
		8BDE37A62CAD4BE2000C4034 /* MockMoviesListNetworkService.swift in Sources */ = {isa = PBXBuildFile; fileRef = 8BDE37A52CAD4BE2000C4034 /* MockMoviesListNetworkService.swift */; };
		8BDE37AB2CAD4C60000C4034 /* MockGenresNetworkService.swift in Sources */ = {isa = PBXBuildFile; fileRef = 8BDE37AA2CAD4C60000C4034 /* MockGenresNetworkService.swift */; };
		8BDE37B02CAD4CB4000C4034 /* MockMovieDetailsNetworkService.swift in Sources */ = {isa = PBXBuildFile; fileRef = 8BDE37AF2CAD4CB4000C4034 /* MockMovieDetailsNetworkService.swift */; };
		8BDE37B42CAD4D02000C4034 /* MockCachingManager.swift in Sources */ = {isa = PBXBuildFile; fileRef = 8BDE37B32CAD4D02000C4034 /* MockCachingManager.swift */; };
		8BDE37B92CAD5180000C4034 /* MockMovieListCachingManager.swift in Sources */ = {isa = PBXBuildFile; fileRef = 8BDE37B82CAD5180000C4034 /* MockMovieListCachingManager.swift */; };
		8BDE37BE2CAD52DD000C4034 /* MovieDetailsSectionView.swift in Sources */ = {isa = PBXBuildFile; fileRef = 8BDE37BD2CAD52DD000C4034 /* MovieDetailsSectionView.swift */; };
		8BDE37C02CAD547C000C4034 /* MovieInfoSectionView.swift in Sources */ = {isa = PBXBuildFile; fileRef = 8BDE37BF2CAD547C000C4034 /* MovieInfoSectionView.swift */; };
		8BDE37C62CAD66F0000C4034 /* Router.swift in Sources */ = {isa = PBXBuildFile; fileRef = 8BDE37C52CAD66F0000C4034 /* Router.swift */; };
		8BDE37CA2CAD7D36000C4034 /* CustomTextField.swift in Sources */ = {isa = PBXBuildFile; fileRef = 8BDE37C92CAD7D36000C4034 /* CustomTextField.swift */; };
/* End PBXBuildFile section */

/* Begin PBXContainerItemProxy section */
		8BDE37422CAA9C05000C4034 /* PBXContainerItemProxy */ = {
			isa = PBXContainerItemProxy;
			containerPortal = 8BDE37292CAA9C04000C4034 /* Project object */;
			proxyType = 1;
			remoteGlobalIDString = 8BDE37302CAA9C04000C4034;
			remoteInfo = TrendingMovies;
		};
/* End PBXContainerItemProxy section */

/* Begin PBXFileReference section */
		8BDE37312CAA9C04000C4034 /* TrendingMovies.app */ = {isa = PBXFileReference; explicitFileType = wrapper.application; includeInIndex = 0; path = TrendingMovies.app; sourceTree = BUILT_PRODUCTS_DIR; };
		8BDE37342CAA9C04000C4034 /* TrendingMoviesApp.swift */ = {isa = PBXFileReference; lastKnownFileType = sourcecode.swift; path = TrendingMoviesApp.swift; sourceTree = "<group>"; };
		8BDE37362CAA9C04000C4034 /* ContentView.swift */ = {isa = PBXFileReference; lastKnownFileType = sourcecode.swift; path = ContentView.swift; sourceTree = "<group>"; };
		8BDE37382CAA9C05000C4034 /* Assets.xcassets */ = {isa = PBXFileReference; lastKnownFileType = folder.assetcatalog; path = Assets.xcassets; sourceTree = "<group>"; };
		8BDE373B2CAA9C05000C4034 /* Preview Assets.xcassets */ = {isa = PBXFileReference; lastKnownFileType = folder.assetcatalog; path = "Preview Assets.xcassets"; sourceTree = "<group>"; };
		8BDE37412CAA9C05000C4034 /* TrendingMoviesTests.xctest */ = {isa = PBXFileReference; explicitFileType = wrapper.cfbundle; includeInIndex = 0; path = TrendingMoviesTests.xctest; sourceTree = BUILT_PRODUCTS_DIR; };
		8BDE37622CAA9C97000C4034 /* MovieListView.swift */ = {isa = PBXFileReference; lastKnownFileType = sourcecode.swift; path = MovieListView.swift; sourceTree = "<group>"; };
		8BDE37642CAA9F72000C4034 /* MovieListViewModel.swift */ = {isa = PBXFileReference; lastKnownFileType = sourcecode.swift; path = MovieListViewModel.swift; sourceTree = "<group>"; };
		8BDE37662CAA9F9F000C4034 /* MovieCellView.swift */ = {isa = PBXFileReference; lastKnownFileType = sourcecode.swift; path = MovieCellView.swift; sourceTree = "<group>"; };
		8BDE376B2CAAA02C000C4034 /* NetworkService.swift */ = {isa = PBXFileReference; lastKnownFileType = sourcecode.swift; path = NetworkService.swift; sourceTree = "<group>"; };
		8BDE376D2CAAA0FE000C4034 /* Movie.swift */ = {isa = PBXFileReference; lastKnownFileType = sourcecode.swift; path = Movie.swift; sourceTree = "<group>"; };
		8BDE376F2CAAA4D2000C4034 /* MovieResponse.swift */ = {isa = PBXFileReference; lastKnownFileType = sourcecode.swift; path = MovieResponse.swift; sourceTree = "<group>"; };
		8BDE37722CAAAC33000C4034 /* SplashScreen.swift */ = {isa = PBXFileReference; lastKnownFileType = sourcecode.swift; path = SplashScreen.swift; sourceTree = "<group>"; };
		8BDE37742CAAC662000C4034 /* Genre.swift */ = {isa = PBXFileReference; lastKnownFileType = sourcecode.swift; path = Genre.swift; sourceTree = "<group>"; };
		8BDE37762CAAC678000C4034 /* GenreViewModel.swift */ = {isa = PBXFileReference; lastKnownFileType = sourcecode.swift; path = GenreViewModel.swift; sourceTree = "<group>"; };
		8BDE37782CAAC8DC000C4034 /* FilterChip.swift */ = {isa = PBXFileReference; lastKnownFileType = sourcecode.swift; path = FilterChip.swift; sourceTree = "<group>"; };
		8BDE377A2CAACF6A000C4034 /* CachingManager.swift */ = {isa = PBXFileReference; lastKnownFileType = sourcecode.swift; path = CachingManager.swift; sourceTree = "<group>"; };
		8BDE377D2CAAD6D8000C4034 /* Movie.xcdatamodel */ = {isa = PBXFileReference; lastKnownFileType = wrapper.xcdatamodel; path = Movie.xcdatamodel; sourceTree = "<group>"; };
		8BDE37802CAAD90C000C4034 /* SceneDelegate.swift */ = {isa = PBXFileReference; lastKnownFileType = sourcecode.swift; path = SceneDelegate.swift; sourceTree = "<group>"; };
		8BDE37822CAAE0C8000C4034 /* MovieDetailsView.swift */ = {isa = PBXFileReference; lastKnownFileType = sourcecode.swift; path = MovieDetailsView.swift; sourceTree = "<group>"; };
		8BDE37842CAAE122000C4034 /* MovieDetailsViewModel.swift */ = {isa = PBXFileReference; lastKnownFileType = sourcecode.swift; path = MovieDetailsViewModel.swift; sourceTree = "<group>"; };
		8BDE37862CAAE25F000C4034 /* MovieDetails.swift */ = {isa = PBXFileReference; lastKnownFileType = sourcecode.swift; path = MovieDetails.swift; sourceTree = "<group>"; };
		8BDE37882CABE9CE000C4034 /* NetworkMonitor.swift */ = {isa = PBXFileReference; lastKnownFileType = sourcecode.swift; path = NetworkMonitor.swift; sourceTree = "<group>"; };
		8BDE378C2CAC18E6000C4034 /* Constants.swift */ = {isa = PBXFileReference; lastKnownFileType = sourcecode.swift; path = Constants.swift; sourceTree = "<group>"; };
		8BDE378E2CAC1C06000C4034 /* AppUtils.swift */ = {isa = PBXFileReference; lastKnownFileType = sourcecode.swift; path = AppUtils.swift; sourceTree = "<group>"; };
		8BDE37902CAC2799000C4034 /* TrendingMoviesTests-Bridging-Header.h */ = {isa = PBXFileReference; lastKnownFileType = sourcecode.c.h; path = "TrendingMoviesTests-Bridging-Header.h"; sourceTree = "<group>"; };
		8BDE37912CAC279A000C4034 /* MovieListViewModelTests.swift */ = {isa = PBXFileReference; lastKnownFileType = sourcecode.swift; path = MovieListViewModelTests.swift; sourceTree = "<group>"; };
		8BDE37932CAC3A84000C4034 /* Helpers.swift */ = {isa = PBXFileReference; lastKnownFileType = sourcecode.swift; path = Helpers.swift; sourceTree = "<group>"; };
		8BDE37962CAC3ACF000C4034 /* MoviesResponse.json */ = {isa = PBXFileReference; lastKnownFileType = text.json; path = MoviesResponse.json; sourceTree = "<group>"; };
		8BDE37982CAD437F000C4034 /* GenreViewModelTests.swift */ = {isa = PBXFileReference; lastKnownFileType = sourcecode.swift; path = GenreViewModelTests.swift; sourceTree = "<group>"; };
		8BDE379C2CAD44E9000C4034 /* GenresResponse.json */ = {isa = PBXFileReference; lastKnownFileType = text.json; path = GenresResponse.json; sourceTree = "<group>"; };
		8BDE379E2CAD46B0000C4034 /* MovieDetailsViewModelTests.swift */ = {isa = PBXFileReference; lastKnownFileType = sourcecode.swift; path = MovieDetailsViewModelTests.swift; sourceTree = "<group>"; };
		8BDE37A02CAD4798000C4034 /* MovieDetailsResponse.json */ = {isa = PBXFileReference; lastKnownFileType = text.json; path = MovieDetailsResponse.json; sourceTree = "<group>"; };
		8BDE37A52CAD4BE2000C4034 /* MockMoviesListNetworkService.swift */ = {isa = PBXFileReference; lastKnownFileType = sourcecode.swift; path = MockMoviesListNetworkService.swift; sourceTree = "<group>"; };
		8BDE37AA2CAD4C60000C4034 /* MockGenresNetworkService.swift */ = {isa = PBXFileReference; lastKnownFileType = sourcecode.swift; path = MockGenresNetworkService.swift; sourceTree = "<group>"; };
		8BDE37AF2CAD4CB4000C4034 /* MockMovieDetailsNetworkService.swift */ = {isa = PBXFileReference; lastKnownFileType = sourcecode.swift; path = MockMovieDetailsNetworkService.swift; sourceTree = "<group>"; };
		8BDE37B32CAD4D02000C4034 /* MockCachingManager.swift */ = {isa = PBXFileReference; lastKnownFileType = sourcecode.swift; path = MockCachingManager.swift; sourceTree = "<group>"; };
		8BDE37B82CAD5180000C4034 /* MockMovieListCachingManager.swift */ = {isa = PBXFileReference; lastKnownFileType = sourcecode.swift; path = MockMovieListCachingManager.swift; sourceTree = "<group>"; };
		8BDE37BD2CAD52DD000C4034 /* MovieDetailsSectionView.swift */ = {isa = PBXFileReference; lastKnownFileType = sourcecode.swift; path = MovieDetailsSectionView.swift; sourceTree = "<group>"; };
		8BDE37BF2CAD547C000C4034 /* MovieInfoSectionView.swift */ = {isa = PBXFileReference; lastKnownFileType = sourcecode.swift; path = MovieInfoSectionView.swift; sourceTree = "<group>"; };
		8BDE37C52CAD66F0000C4034 /* Router.swift */ = {isa = PBXFileReference; lastKnownFileType = sourcecode.swift; path = Router.swift; sourceTree = "<group>"; };
		8BDE37C92CAD7D36000C4034 /* CustomTextField.swift */ = {isa = PBXFileReference; lastKnownFileType = sourcecode.swift; path = CustomTextField.swift; sourceTree = "<group>"; };
/* End PBXFileReference section */

/* Begin PBXFrameworksBuildPhase section */
		8BDE372E2CAA9C04000C4034 /* Frameworks */ = {
			isa = PBXFrameworksBuildPhase;
			buildActionMask = 2147483647;
			files = (
			);
			runOnlyForDeploymentPostprocessing = 0;
		};
		8BDE373E2CAA9C05000C4034 /* Frameworks */ = {
			isa = PBXFrameworksBuildPhase;
			buildActionMask = 2147483647;
			files = (
			);
			runOnlyForDeploymentPostprocessing = 0;
		};
/* End PBXFrameworksBuildPhase section */

/* Begin PBXGroup section */
		8BDE37282CAA9C04000C4034 = {
			isa = PBXGroup;
			children = (
				8BDE37332CAA9C04000C4034 /* TrendingMovies */,
				8BDE37442CAA9C05000C4034 /* TrendingMoviesTests */,
				8BDE37322CAA9C04000C4034 /* Products */,
			);
			sourceTree = "<group>";
		};
		8BDE37322CAA9C04000C4034 /* Products */ = {
			isa = PBXGroup;
			children = (
				8BDE37312CAA9C04000C4034 /* TrendingMovies.app */,
				8BDE37412CAA9C05000C4034 /* TrendingMoviesTests.xctest */,
			);
			name = Products;
			sourceTree = "<group>";
		};
		8BDE37332CAA9C04000C4034 /* TrendingMovies */ = {
			isa = PBXGroup;
			children = (
				8BDE377F2CAAD8F8000C4034 /* Core */,
				8BDE37712CAAAC17000C4034 /* SplashView */,
				8BDE37602CAA9C2F000C4034 /* Features */,
				8BDE375F2CAA9C2C000C4034 /* Services */,
				8BDE375E2CAA9C29000C4034 /* Shared */,
				8BDE37CB2CAD869B000C4034 /* ReusableComponents */,
				8BDE37342CAA9C04000C4034 /* TrendingMoviesApp.swift */,
				8BDE37362CAA9C04000C4034 /* ContentView.swift */,
				8BDE37382CAA9C05000C4034 /* Assets.xcassets */,
				8BDE373A2CAA9C05000C4034 /* Preview Content */,
				8BDE377C2CAAD6D8000C4034 /* Movie.xcdatamodeld */,
			);
			path = TrendingMovies;
			sourceTree = "<group>";
		};
		8BDE373A2CAA9C05000C4034 /* Preview Content */ = {
			isa = PBXGroup;
			children = (
				8BDE373B2CAA9C05000C4034 /* Preview Assets.xcassets */,
			);
			path = "Preview Content";
			sourceTree = "<group>";
		};
		8BDE37442CAA9C05000C4034 /* TrendingMoviesTests */ = {
			isa = PBXGroup;
			children = (
				8BDE37A72CAD4C10000C4034 /* GenreViewModelTests */,
				8BDE37A22CAD4B4D000C4034 /* MovieListViewModelTests */,
				8BDE37AC2CAD4C86000C4034 /* MovieDetailsViewModelTests */,
				8BDE37B52CAD4D56000C4034 /* Helpers */,
				8BDE37952CAC3AA0000C4034 /* JSON */,
				8BDE37902CAC2799000C4034 /* TrendingMoviesTests-Bridging-Header.h */,
			);
			path = TrendingMoviesTests;
			sourceTree = "<group>";
		};
		8BDE375E2CAA9C29000C4034 /* Shared */ = {
			isa = PBXGroup;
			children = (
				8BDE377A2CAACF6A000C4034 /* CachingManager.swift */,
				8BDE37882CABE9CE000C4034 /* NetworkMonitor.swift */,
				8BDE378C2CAC18E6000C4034 /* Constants.swift */,
				8BDE378E2CAC1C06000C4034 /* AppUtils.swift */,
				8BDE37C52CAD66F0000C4034 /* Router.swift */,
			);
			path = Shared;
			sourceTree = "<group>";
		};
		8BDE375F2CAA9C2C000C4034 /* Services */ = {
			isa = PBXGroup;
			children = (
				8BDE376B2CAAA02C000C4034 /* NetworkService.swift */,
			);
			path = Services;
			sourceTree = "<group>";
		};
		8BDE37602CAA9C2F000C4034 /* Features */ = {
			isa = PBXGroup;
			children = (
				8BDE37682CAA9FDB000C4034 /* MovieDetailsFeature */,
				8BDE37612CAA9C7D000C4034 /* MovieListFeature */,
			);
			path = Features;
			sourceTree = "<group>";
		};
		8BDE37612CAA9C7D000C4034 /* MovieListFeature */ = {
			isa = PBXGroup;
			children = (
				8BDE37C42CAD5DA1000C4034 /* Model */,
				8BDE37C22CAD557E000C4034 /* ViewModel */,
				8BDE37C12CAD5566000C4034 /* View */,
			);
			path = MovieListFeature;
			sourceTree = "<group>";
		};
		8BDE37682CAA9FDB000C4034 /* MovieDetailsFeature */ = {
			isa = PBXGroup;
			children = (
				8BDE37BC2CAD5291000C4034 /* Model */,
				8BDE37BB2CAD5282000C4034 /* ViewModel */,
				8BDE37BA2CAD5278000C4034 /* View */,
			);
			path = MovieDetailsFeature;
			sourceTree = "<group>";
		};
		8BDE37712CAAAC17000C4034 /* SplashView */ = {
			isa = PBXGroup;
			children = (
				8BDE37722CAAAC33000C4034 /* SplashScreen.swift */,
			);
			path = SplashView;
			sourceTree = "<group>";
		};
		8BDE377F2CAAD8F8000C4034 /* Core */ = {
			isa = PBXGroup;
			children = (
				8BDE37802CAAD90C000C4034 /* SceneDelegate.swift */,
			);
			path = Core;
			sourceTree = "<group>";
		};
		8BDE37952CAC3AA0000C4034 /* JSON */ = {
			isa = PBXGroup;
			children = (
				8BDE37962CAC3ACF000C4034 /* MoviesResponse.json */,
				8BDE379C2CAD44E9000C4034 /* GenresResponse.json */,
				8BDE37A02CAD4798000C4034 /* MovieDetailsResponse.json */,
			);
			path = JSON;
			sourceTree = "<group>";
		};
		8BDE37A22CAD4B4D000C4034 /* MovieListViewModelTests */ = {
			isa = PBXGroup;
			children = (
				8BDE37A42CAD4B66000C4034 /* Mocking */,
				8BDE37A32CAD4B5E000C4034 /* ViewModel */,
			);
			path = MovieListViewModelTests;
			sourceTree = "<group>";
		};
		8BDE37A32CAD4B5E000C4034 /* ViewModel */ = {
			isa = PBXGroup;
			children = (
				8BDE37912CAC279A000C4034 /* MovieListViewModelTests.swift */,
			);
			path = ViewModel;
			sourceTree = "<group>";
		};
		8BDE37A42CAD4B66000C4034 /* Mocking */ = {
			isa = PBXGroup;
			children = (
				8BDE37B72CAD516B000C4034 /* Caching */,
				8BDE37B62CAD515B000C4034 /* NetworkService */,
			);
			path = Mocking;
			sourceTree = "<group>";
		};
		8BDE37A72CAD4C10000C4034 /* GenreViewModelTests */ = {
			isa = PBXGroup;
			children = (
				8BDE37A92CAD4C26000C4034 /* Mocking */,
				8BDE37A82CAD4C1C000C4034 /* ViewModel */,
			);
			path = GenreViewModelTests;
			sourceTree = "<group>";
		};
		8BDE37A82CAD4C1C000C4034 /* ViewModel */ = {
			isa = PBXGroup;
			children = (
				8BDE37982CAD437F000C4034 /* GenreViewModelTests.swift */,
			);
			path = ViewModel;
			sourceTree = "<group>";
		};
		8BDE37A92CAD4C26000C4034 /* Mocking */ = {
			isa = PBXGroup;
			children = (
				8BDE37AA2CAD4C60000C4034 /* MockGenresNetworkService.swift */,
			);
			path = Mocking;
			sourceTree = "<group>";
		};
		8BDE37AC2CAD4C86000C4034 /* MovieDetailsViewModelTests */ = {
			isa = PBXGroup;
			children = (
				8BDE37AE2CAD4C95000C4034 /* Mocking */,
				8BDE37AD2CAD4C8B000C4034 /* ViewModel */,
			);
			path = MovieDetailsViewModelTests;
			sourceTree = "<group>";
		};
		8BDE37AD2CAD4C8B000C4034 /* ViewModel */ = {
			isa = PBXGroup;
			children = (
				8BDE379E2CAD46B0000C4034 /* MovieDetailsViewModelTests.swift */,
			);
			path = ViewModel;
			sourceTree = "<group>";
		};
		8BDE37AE2CAD4C95000C4034 /* Mocking */ = {
			isa = PBXGroup;
			children = (
				8BDE37B22CAD4CEA000C4034 /* Caching */,
				8BDE37B12CAD4CDE000C4034 /* NetworkService */,
			);
			path = Mocking;
			sourceTree = "<group>";
		};
		8BDE37B12CAD4CDE000C4034 /* NetworkService */ = {
			isa = PBXGroup;
			children = (
				8BDE37AF2CAD4CB4000C4034 /* MockMovieDetailsNetworkService.swift */,
			);
			path = NetworkService;
			sourceTree = "<group>";
		};
		8BDE37B22CAD4CEA000C4034 /* Caching */ = {
			isa = PBXGroup;
			children = (
				8BDE37B32CAD4D02000C4034 /* MockCachingManager.swift */,
			);
			path = Caching;
			sourceTree = "<group>";
		};
		8BDE37B52CAD4D56000C4034 /* Helpers */ = {
			isa = PBXGroup;
			children = (
				8BDE37932CAC3A84000C4034 /* Helpers.swift */,
			);
			path = Helpers;
			sourceTree = "<group>";
		};
		8BDE37B62CAD515B000C4034 /* NetworkService */ = {
			isa = PBXGroup;
			children = (
				8BDE37A52CAD4BE2000C4034 /* MockMoviesListNetworkService.swift */,
			);
			path = NetworkService;
			sourceTree = "<group>";
		};
		8BDE37B72CAD516B000C4034 /* Caching */ = {
			isa = PBXGroup;
			children = (
				8BDE37B82CAD5180000C4034 /* MockMovieListCachingManager.swift */,
			);
			path = Caching;
			sourceTree = "<group>";
		};
		8BDE37BA2CAD5278000C4034 /* View */ = {
			isa = PBXGroup;
			children = (
				8BDE37822CAAE0C8000C4034 /* MovieDetailsView.swift */,
				8BDE37BD2CAD52DD000C4034 /* MovieDetailsSectionView.swift */,
				8BDE37BF2CAD547C000C4034 /* MovieInfoSectionView.swift */,
			);
			path = View;
			sourceTree = "<group>";
		};
		8BDE37BB2CAD5282000C4034 /* ViewModel */ = {
			isa = PBXGroup;
			children = (
				8BDE37842CAAE122000C4034 /* MovieDetailsViewModel.swift */,
			);
			path = ViewModel;
			sourceTree = "<group>";
		};
		8BDE37BC2CAD5291000C4034 /* Model */ = {
			isa = PBXGroup;
			children = (
				8BDE37862CAAE25F000C4034 /* MovieDetails.swift */,
			);
			path = Model;
			sourceTree = "<group>";
		};
		8BDE37C12CAD5566000C4034 /* View */ = {
			isa = PBXGroup;
			children = (
				8BDE37C32CAD5590000C4034 /* MovieCell */,
				8BDE37622CAA9C97000C4034 /* MovieListView.swift */,
				8BDE37782CAAC8DC000C4034 /* FilterChip.swift */,
			);
			path = View;
			sourceTree = "<group>";
		};
		8BDE37C22CAD557E000C4034 /* ViewModel */ = {
			isa = PBXGroup;
			children = (
				8BDE37642CAA9F72000C4034 /* MovieListViewModel.swift */,
				8BDE37762CAAC678000C4034 /* GenreViewModel.swift */,
			);
			path = ViewModel;
			sourceTree = "<group>";
		};
		8BDE37C32CAD5590000C4034 /* MovieCell */ = {
			isa = PBXGroup;
			children = (
				8BDE37662CAA9F9F000C4034 /* MovieCellView.swift */,
			);
			path = MovieCell;
			sourceTree = "<group>";
		};
		8BDE37C42CAD5DA1000C4034 /* Model */ = {
			isa = PBXGroup;
			children = (
				8BDE37742CAAC662000C4034 /* Genre.swift */,
				8BDE376F2CAAA4D2000C4034 /* MovieResponse.swift */,
				8BDE376D2CAAA0FE000C4034 /* Movie.swift */,
			);
			path = Model;
			sourceTree = "<group>";
		};
		8BDE37CB2CAD869B000C4034 /* ReusableComponents */ = {
			isa = PBXGroup;
			children = (
				8BDE37C92CAD7D36000C4034 /* CustomTextField.swift */,
			);
			path = ReusableComponents;
			sourceTree = "<group>";
		};
/* End PBXGroup section */

/* Begin PBXNativeTarget section */
		8BDE37302CAA9C04000C4034 /* TrendingMovies */ = {
			isa = PBXNativeTarget;
			buildConfigurationList = 8BDE37552CAA9C05000C4034 /* Build configuration list for PBXNativeTarget "TrendingMovies" */;
			buildPhases = (
				8BDE372D2CAA9C04000C4034 /* Sources */,
				8BDE372E2CAA9C04000C4034 /* Frameworks */,
				8BDE372F2CAA9C04000C4034 /* Resources */,
			);
			buildRules = (
			);
			dependencies = (
			);
			name = TrendingMovies;
			productName = TrendingMovies;
			productReference = 8BDE37312CAA9C04000C4034 /* TrendingMovies.app */;
			productType = "com.apple.product-type.application";
		};
		8BDE37402CAA9C05000C4034 /* TrendingMoviesTests */ = {
			isa = PBXNativeTarget;
			buildConfigurationList = 8BDE37582CAA9C05000C4034 /* Build configuration list for PBXNativeTarget "TrendingMoviesTests" */;
			buildPhases = (
				8BDE373D2CAA9C05000C4034 /* Sources */,
				8BDE373E2CAA9C05000C4034 /* Frameworks */,
				8BDE373F2CAA9C05000C4034 /* Resources */,
			);
			buildRules = (
			);
			dependencies = (
				8BDE37432CAA9C05000C4034 /* PBXTargetDependency */,
			);
			name = TrendingMoviesTests;
			productName = TrendingMoviesTests;
			productReference = 8BDE37412CAA9C05000C4034 /* TrendingMoviesTests.xctest */;
			productType = "com.apple.product-type.bundle.unit-test";
		};
/* End PBXNativeTarget section */

/* Begin PBXProject section */
		8BDE37292CAA9C04000C4034 /* Project object */ = {
			isa = PBXProject;
			attributes = {
				BuildIndependentTargetsInParallel = 1;
				LastSwiftUpdateCheck = 1530;
				LastUpgradeCheck = 1530;
				TargetAttributes = {
					8BDE37302CAA9C04000C4034 = {
						CreatedOnToolsVersion = 15.3;
					};
					8BDE37402CAA9C05000C4034 = {
						CreatedOnToolsVersion = 15.3;
						LastSwiftMigration = 1530;
						TestTargetID = 8BDE37302CAA9C04000C4034;
					};
				};
			};
			buildConfigurationList = 8BDE372C2CAA9C04000C4034 /* Build configuration list for PBXProject "TrendingMovies" */;
			compatibilityVersion = "Xcode 14.0";
			developmentRegion = en;
			hasScannedForEncodings = 0;
			knownRegions = (
				en,
				Base,
			);
			mainGroup = 8BDE37282CAA9C04000C4034;
			productRefGroup = 8BDE37322CAA9C04000C4034 /* Products */;
			projectDirPath = "";
			projectRoot = "";
			targets = (
				8BDE37302CAA9C04000C4034 /* TrendingMovies */,
				8BDE37402CAA9C05000C4034 /* TrendingMoviesTests */,
			);
		};
/* End PBXProject section */

/* Begin PBXResourcesBuildPhase section */
		8BDE372F2CAA9C04000C4034 /* Resources */ = {
			isa = PBXResourcesBuildPhase;
			buildActionMask = 2147483647;
			files = (
				8BDE373C2CAA9C05000C4034 /* Preview Assets.xcassets in Resources */,
				8BDE37392CAA9C05000C4034 /* Assets.xcassets in Resources */,
			);
			runOnlyForDeploymentPostprocessing = 0;
		};
		8BDE373F2CAA9C05000C4034 /* Resources */ = {
			isa = PBXResourcesBuildPhase;
			buildActionMask = 2147483647;
			files = (
				8BDE37A12CAD4798000C4034 /* MovieDetailsResponse.json in Resources */,
				8BDE379D2CAD44E9000C4034 /* GenresResponse.json in Resources */,
				8BDE37972CAC3ACF000C4034 /* MoviesResponse.json in Resources */,
			);
			runOnlyForDeploymentPostprocessing = 0;
		};
/* End PBXResourcesBuildPhase section */

/* Begin PBXSourcesBuildPhase section */
		8BDE372D2CAA9C04000C4034 /* Sources */ = {
			isa = PBXSourcesBuildPhase;
			buildActionMask = 2147483647;
			files = (
				8BDE37732CAAAC33000C4034 /* SplashScreen.swift in Sources */,
				8BDE37792CAAC8DC000C4034 /* FilterChip.swift in Sources */,
				8BDE37832CAAE0C8000C4034 /* MovieDetailsView.swift in Sources */,
				8BDE377E2CAAD6D8000C4034 /* Movie.xcdatamodeld in Sources */,
				8BDE37372CAA9C04000C4034 /* ContentView.swift in Sources */,
				8BDE37632CAA9C97000C4034 /* MovieListView.swift in Sources */,
				8BDE37C02CAD547C000C4034 /* MovieInfoSectionView.swift in Sources */,
				8BDE37812CAAD90C000C4034 /* SceneDelegate.swift in Sources */,
				8BDE37892CABE9CE000C4034 /* NetworkMonitor.swift in Sources */,
				8BDE37CA2CAD7D36000C4034 /* CustomTextField.swift in Sources */,
				8BDE37352CAA9C04000C4034 /* TrendingMoviesApp.swift in Sources */,
				8BDE37672CAA9F9F000C4034 /* MovieCellView.swift in Sources */,
				8BDE37852CAAE122000C4034 /* MovieDetailsViewModel.swift in Sources */,
				8BDE377B2CAACF6A000C4034 /* CachingManager.swift in Sources */,
				8BDE378F2CAC1C06000C4034 /* AppUtils.swift in Sources */,
				8BDE37772CAAC678000C4034 /* GenreViewModel.swift in Sources */,
				8BDE37652CAA9F72000C4034 /* MovieListViewModel.swift in Sources */,
				8BDE37C62CAD66F0000C4034 /* Router.swift in Sources */,
				8BDE37702CAAA4D2000C4034 /* MovieResponse.swift in Sources */,
				8BDE37BE2CAD52DD000C4034 /* MovieDetailsSectionView.swift in Sources */,
				8BDE378D2CAC18E6000C4034 /* Constants.swift in Sources */,
				8BDE376E2CAAA0FE000C4034 /* Movie.swift in Sources */,
				8BDE376C2CAAA02C000C4034 /* NetworkService.swift in Sources */,
				8BDE37752CAAC662000C4034 /* Genre.swift in Sources */,
				8BDE37872CAAE25F000C4034 /* MovieDetails.swift in Sources */,
			);
			runOnlyForDeploymentPostprocessing = 0;
		};
		8BDE373D2CAA9C05000C4034 /* Sources */ = {
			isa = PBXSourcesBuildPhase;
			buildActionMask = 2147483647;
			files = (
				8BDE37B92CAD5180000C4034 /* MockMovieListCachingManager.swift in Sources */,
				8BDE37B02CAD4CB4000C4034 /* MockMovieDetailsNetworkService.swift in Sources */,
				8BDE379F2CAD46B0000C4034 /* MovieDetailsViewModelTests.swift in Sources */,
				8BDE37A62CAD4BE2000C4034 /* MockMoviesListNetworkService.swift in Sources */,
				8BDE37922CAC279A000C4034 /* MovieListViewModelTests.swift in Sources */,
				8BDE37992CAD437F000C4034 /* GenreViewModelTests.swift in Sources */,
				8BDE37B42CAD4D02000C4034 /* MockCachingManager.swift in Sources */,
				8BDE37AB2CAD4C60000C4034 /* MockGenresNetworkService.swift in Sources */,
				8BDE37942CAC3A84000C4034 /* Helpers.swift in Sources */,
			);
			runOnlyForDeploymentPostprocessing = 0;
		};
/* End PBXSourcesBuildPhase section */

/* Begin PBXTargetDependency section */
		8BDE37432CAA9C05000C4034 /* PBXTargetDependency */ = {
			isa = PBXTargetDependency;
			target = 8BDE37302CAA9C04000C4034 /* TrendingMovies */;
			targetProxy = 8BDE37422CAA9C05000C4034 /* PBXContainerItemProxy */;
		};
/* End PBXTargetDependency section */

/* Begin XCBuildConfiguration section */
		8BDE37532CAA9C05000C4034 /* Debug */ = {
			isa = XCBuildConfiguration;
			buildSettings = {
				ALWAYS_SEARCH_USER_PATHS = NO;
				ASSETCATALOG_COMPILER_GENERATE_SWIFT_ASSET_SYMBOL_EXTENSIONS = YES;
				CLANG_ANALYZER_NONNULL = YES;
				CLANG_ANALYZER_NUMBER_OBJECT_CONVERSION = YES_AGGRESSIVE;
				CLANG_CXX_LANGUAGE_STANDARD = "gnu++20";
				CLANG_ENABLE_MODULES = YES;
				CLANG_ENABLE_OBJC_ARC = YES;
				CLANG_ENABLE_OBJC_WEAK = YES;
				CLANG_WARN_BLOCK_CAPTURE_AUTORELEASING = YES;
				CLANG_WARN_BOOL_CONVERSION = YES;
				CLANG_WARN_COMMA = YES;
				CLANG_WARN_CONSTANT_CONVERSION = YES;
				CLANG_WARN_DEPRECATED_OBJC_IMPLEMENTATIONS = YES;
				CLANG_WARN_DIRECT_OBJC_ISA_USAGE = YES_ERROR;
				CLANG_WARN_DOCUMENTATION_COMMENTS = YES;
				CLANG_WARN_EMPTY_BODY = YES;
				CLANG_WARN_ENUM_CONVERSION = YES;
				CLANG_WARN_INFINITE_RECURSION = YES;
				CLANG_WARN_INT_CONVERSION = YES;
				CLANG_WARN_NON_LITERAL_NULL_CONVERSION = YES;
				CLANG_WARN_OBJC_IMPLICIT_RETAIN_SELF = YES;
				CLANG_WARN_OBJC_LITERAL_CONVERSION = YES;
				CLANG_WARN_OBJC_ROOT_CLASS = YES_ERROR;
				CLANG_WARN_QUOTED_INCLUDE_IN_FRAMEWORK_HEADER = YES;
				CLANG_WARN_RANGE_LOOP_ANALYSIS = YES;
				CLANG_WARN_STRICT_PROTOTYPES = YES;
				CLANG_WARN_SUSPICIOUS_MOVE = YES;
				CLANG_WARN_UNGUARDED_AVAILABILITY = YES_AGGRESSIVE;
				CLANG_WARN_UNREACHABLE_CODE = YES;
				CLANG_WARN__DUPLICATE_METHOD_MATCH = YES;
				COPY_PHASE_STRIP = NO;
				DEBUG_INFORMATION_FORMAT = dwarf;
				ENABLE_STRICT_OBJC_MSGSEND = YES;
				ENABLE_TESTABILITY = YES;
				ENABLE_USER_SCRIPT_SANDBOXING = YES;
				GCC_C_LANGUAGE_STANDARD = gnu17;
				GCC_DYNAMIC_NO_PIC = NO;
				GCC_NO_COMMON_BLOCKS = YES;
				GCC_OPTIMIZATION_LEVEL = 0;
				GCC_PREPROCESSOR_DEFINITIONS = (
					"DEBUG=1",
					"$(inherited)",
				);
				GCC_WARN_64_TO_32_BIT_CONVERSION = YES;
				GCC_WARN_ABOUT_RETURN_TYPE = YES_ERROR;
				GCC_WARN_UNDECLARED_SELECTOR = YES;
				GCC_WARN_UNINITIALIZED_AUTOS = YES_AGGRESSIVE;
				GCC_WARN_UNUSED_FUNCTION = YES;
				GCC_WARN_UNUSED_VARIABLE = YES;
				IPHONEOS_DEPLOYMENT_TARGET = 17.4;
				LOCALIZATION_PREFERS_STRING_CATALOGS = YES;
				MTL_ENABLE_DEBUG_INFO = INCLUDE_SOURCE;
				MTL_FAST_MATH = YES;
				ONLY_ACTIVE_ARCH = YES;
				SDKROOT = iphoneos;
				SWIFT_ACTIVE_COMPILATION_CONDITIONS = "DEBUG $(inherited)";
				SWIFT_OPTIMIZATION_LEVEL = "-Onone";
			};
			name = Debug;
		};
		8BDE37542CAA9C05000C4034 /* Release */ = {
			isa = XCBuildConfiguration;
			buildSettings = {
				ALWAYS_SEARCH_USER_PATHS = NO;
				ASSETCATALOG_COMPILER_GENERATE_SWIFT_ASSET_SYMBOL_EXTENSIONS = YES;
				CLANG_ANALYZER_NONNULL = YES;
				CLANG_ANALYZER_NUMBER_OBJECT_CONVERSION = YES_AGGRESSIVE;
				CLANG_CXX_LANGUAGE_STANDARD = "gnu++20";
				CLANG_ENABLE_MODULES = YES;
				CLANG_ENABLE_OBJC_ARC = YES;
				CLANG_ENABLE_OBJC_WEAK = YES;
				CLANG_WARN_BLOCK_CAPTURE_AUTORELEASING = YES;
				CLANG_WARN_BOOL_CONVERSION = YES;
				CLANG_WARN_COMMA = YES;
				CLANG_WARN_CONSTANT_CONVERSION = YES;
				CLANG_WARN_DEPRECATED_OBJC_IMPLEMENTATIONS = YES;
				CLANG_WARN_DIRECT_OBJC_ISA_USAGE = YES_ERROR;
				CLANG_WARN_DOCUMENTATION_COMMENTS = YES;
				CLANG_WARN_EMPTY_BODY = YES;
				CLANG_WARN_ENUM_CONVERSION = YES;
				CLANG_WARN_INFINITE_RECURSION = YES;
				CLANG_WARN_INT_CONVERSION = YES;
				CLANG_WARN_NON_LITERAL_NULL_CONVERSION = YES;
				CLANG_WARN_OBJC_IMPLICIT_RETAIN_SELF = YES;
				CLANG_WARN_OBJC_LITERAL_CONVERSION = YES;
				CLANG_WARN_OBJC_ROOT_CLASS = YES_ERROR;
				CLANG_WARN_QUOTED_INCLUDE_IN_FRAMEWORK_HEADER = YES;
				CLANG_WARN_RANGE_LOOP_ANALYSIS = YES;
				CLANG_WARN_STRICT_PROTOTYPES = YES;
				CLANG_WARN_SUSPICIOUS_MOVE = YES;
				CLANG_WARN_UNGUARDED_AVAILABILITY = YES_AGGRESSIVE;
				CLANG_WARN_UNREACHABLE_CODE = YES;
				CLANG_WARN__DUPLICATE_METHOD_MATCH = YES;
				COPY_PHASE_STRIP = NO;
				DEBUG_INFORMATION_FORMAT = "dwarf-with-dsym";
				ENABLE_NS_ASSERTIONS = NO;
				ENABLE_STRICT_OBJC_MSGSEND = YES;
				ENABLE_USER_SCRIPT_SANDBOXING = YES;
				GCC_C_LANGUAGE_STANDARD = gnu17;
				GCC_NO_COMMON_BLOCKS = YES;
				GCC_WARN_64_TO_32_BIT_CONVERSION = YES;
				GCC_WARN_ABOUT_RETURN_TYPE = YES_ERROR;
				GCC_WARN_UNDECLARED_SELECTOR = YES;
				GCC_WARN_UNINITIALIZED_AUTOS = YES_AGGRESSIVE;
				GCC_WARN_UNUSED_FUNCTION = YES;
				GCC_WARN_UNUSED_VARIABLE = YES;
				IPHONEOS_DEPLOYMENT_TARGET = 17.4;
				LOCALIZATION_PREFERS_STRING_CATALOGS = YES;
				MTL_ENABLE_DEBUG_INFO = NO;
				MTL_FAST_MATH = YES;
				SDKROOT = iphoneos;
				SWIFT_COMPILATION_MODE = wholemodule;
				VALIDATE_PRODUCT = YES;
			};
			name = Release;
		};
		8BDE37562CAA9C05000C4034 /* Debug */ = {
			isa = XCBuildConfiguration;
			buildSettings = {
				ASSETCATALOG_COMPILER_APPICON_NAME = AppIcon;
				ASSETCATALOG_COMPILER_GLOBAL_ACCENT_COLOR_NAME = AccentColor;
				CODE_SIGN_STYLE = Automatic;
				CURRENT_PROJECT_VERSION = 1;
				DEVELOPMENT_ASSET_PATHS = "\"TrendingMovies/Preview Content\"";
				DEVELOPMENT_TEAM = 55NF4GLXVN;
				ENABLE_PREVIEWS = YES;
				GENERATE_INFOPLIST_FILE = YES;
				INFOPLIST_KEY_UIApplicationSceneManifest_Generation = YES;
				INFOPLIST_KEY_UIApplicationSupportsIndirectInputEvents = YES;
				INFOPLIST_KEY_UILaunchScreen_Generation = YES;
				INFOPLIST_KEY_UISupportedInterfaceOrientations_iPad = "UIInterfaceOrientationPortrait UIInterfaceOrientationPortraitUpsideDown UIInterfaceOrientationLandscapeLeft UIInterfaceOrientationLandscapeRight";
				INFOPLIST_KEY_UISupportedInterfaceOrientations_iPhone = "UIInterfaceOrientationPortrait UIInterfaceOrientationLandscapeLeft UIInterfaceOrientationLandscapeRight";
				LD_RUNPATH_SEARCH_PATHS = (
					"$(inherited)",
					"@executable_path/Frameworks",
				);
				MARKETING_VERSION = 1.0;
				PRODUCT_BUNDLE_IDENTIFIER = mohamed.TrendingMovies;
				PRODUCT_NAME = "$(TARGET_NAME)";
				SWIFT_EMIT_LOC_STRINGS = YES;
				SWIFT_VERSION = 5.0;
				TARGETED_DEVICE_FAMILY = "1,2";
			};
			name = Debug;
		};
		8BDE37572CAA9C05000C4034 /* Release */ = {
			isa = XCBuildConfiguration;
			buildSettings = {
				ASSETCATALOG_COMPILER_APPICON_NAME = AppIcon;
				ASSETCATALOG_COMPILER_GLOBAL_ACCENT_COLOR_NAME = AccentColor;
				CODE_SIGN_STYLE = Automatic;
				CURRENT_PROJECT_VERSION = 1;
				DEVELOPMENT_ASSET_PATHS = "\"TrendingMovies/Preview Content\"";
				DEVELOPMENT_TEAM = 55NF4GLXVN;
				ENABLE_PREVIEWS = YES;
				GENERATE_INFOPLIST_FILE = YES;
				INFOPLIST_KEY_UIApplicationSceneManifest_Generation = YES;
				INFOPLIST_KEY_UIApplicationSupportsIndirectInputEvents = YES;
				INFOPLIST_KEY_UILaunchScreen_Generation = YES;
				INFOPLIST_KEY_UISupportedInterfaceOrientations_iPad = "UIInterfaceOrientationPortrait UIInterfaceOrientationPortraitUpsideDown UIInterfaceOrientationLandscapeLeft UIInterfaceOrientationLandscapeRight";
				INFOPLIST_KEY_UISupportedInterfaceOrientations_iPhone = "UIInterfaceOrientationPortrait UIInterfaceOrientationLandscapeLeft UIInterfaceOrientationLandscapeRight";
				LD_RUNPATH_SEARCH_PATHS = (
					"$(inherited)",
					"@executable_path/Frameworks",
				);
				MARKETING_VERSION = 1.0;
				PRODUCT_BUNDLE_IDENTIFIER = mohamed.TrendingMovies;
				PRODUCT_NAME = "$(TARGET_NAME)";
				SWIFT_EMIT_LOC_STRINGS = YES;
				SWIFT_VERSION = 5.0;
				TARGETED_DEVICE_FAMILY = "1,2";
			};
			name = Release;
		};
		8BDE37592CAA9C05000C4034 /* Debug */ = {
			isa = XCBuildConfiguration;
			buildSettings = {
				ALWAYS_EMBED_SWIFT_STANDARD_LIBRARIES = YES;
				BUNDLE_LOADER = "$(TEST_HOST)";
				CLANG_ENABLE_MODULES = YES;
				CODE_SIGN_STYLE = Automatic;
				CURRENT_PROJECT_VERSION = 1;
				DEVELOPMENT_TEAM = 55NF4GLXVN;
				GENERATE_INFOPLIST_FILE = YES;
				IPHONEOS_DEPLOYMENT_TARGET = 17.4;
				MARKETING_VERSION = 1.0;
				PRODUCT_BUNDLE_IDENTIFIER = mohamed.TrendingMoviesTests;
				PRODUCT_NAME = "$(TARGET_NAME)";
				SWIFT_EMIT_LOC_STRINGS = NO;
				SWIFT_OBJC_BRIDGING_HEADER = "TrendingMoviesTests/TrendingMoviesTests-Bridging-Header.h";
				SWIFT_OPTIMIZATION_LEVEL = "-Onone";
				SWIFT_VERSION = 5.0;
				TARGETED_DEVICE_FAMILY = "1,2";
				TEST_HOST = "$(BUILT_PRODUCTS_DIR)/TrendingMovies.app/$(BUNDLE_EXECUTABLE_FOLDER_PATH)/TrendingMovies";
			};
			name = Debug;
		};
		8BDE375A2CAA9C05000C4034 /* Release */ = {
			isa = XCBuildConfiguration;
			buildSettings = {
				ALWAYS_EMBED_SWIFT_STANDARD_LIBRARIES = YES;
				BUNDLE_LOADER = "$(TEST_HOST)";
				CLANG_ENABLE_MODULES = YES;
				CODE_SIGN_STYLE = Automatic;
				CURRENT_PROJECT_VERSION = 1;
				DEVELOPMENT_TEAM = 55NF4GLXVN;
				GENERATE_INFOPLIST_FILE = YES;
				IPHONEOS_DEPLOYMENT_TARGET = 17.4;
				MARKETING_VERSION = 1.0;
				PRODUCT_BUNDLE_IDENTIFIER = mohamed.TrendingMoviesTests;
				PRODUCT_NAME = "$(TARGET_NAME)";
				SWIFT_EMIT_LOC_STRINGS = NO;
				SWIFT_OBJC_BRIDGING_HEADER = "TrendingMoviesTests/TrendingMoviesTests-Bridging-Header.h";
				SWIFT_VERSION = 5.0;
				TARGETED_DEVICE_FAMILY = "1,2";
				TEST_HOST = "$(BUILT_PRODUCTS_DIR)/TrendingMovies.app/$(BUNDLE_EXECUTABLE_FOLDER_PATH)/TrendingMovies";
			};
			name = Release;
		};
/* End XCBuildConfiguration section */

/* Begin XCConfigurationList section */
		8BDE372C2CAA9C04000C4034 /* Build configuration list for PBXProject "TrendingMovies" */ = {
			isa = XCConfigurationList;
			buildConfigurations = (
				8BDE37532CAA9C05000C4034 /* Debug */,
				8BDE37542CAA9C05000C4034 /* Release */,
			);
			defaultConfigurationIsVisible = 0;
			defaultConfigurationName = Release;
		};
		8BDE37552CAA9C05000C4034 /* Build configuration list for PBXNativeTarget "TrendingMovies" */ = {
			isa = XCConfigurationList;
			buildConfigurations = (
				8BDE37562CAA9C05000C4034 /* Debug */,
				8BDE37572CAA9C05000C4034 /* Release */,
			);
			defaultConfigurationIsVisible = 0;
			defaultConfigurationName = Release;
		};
		8BDE37582CAA9C05000C4034 /* Build configuration list for PBXNativeTarget "TrendingMoviesTests" */ = {
			isa = XCConfigurationList;
			buildConfigurations = (
				8BDE37592CAA9C05000C4034 /* Debug */,
				8BDE375A2CAA9C05000C4034 /* Release */,
			);
			defaultConfigurationIsVisible = 0;
			defaultConfigurationName = Release;
		};
/* End XCConfigurationList section */

/* Begin XCVersionGroup section */
		8BDE377C2CAAD6D8000C4034 /* Movie.xcdatamodeld */ = {
			isa = XCVersionGroup;
			children = (
				8BDE377D2CAAD6D8000C4034 /* Movie.xcdatamodel */,
			);
			currentVersion = 8BDE377D2CAAD6D8000C4034 /* Movie.xcdatamodel */;
			path = Movie.xcdatamodeld;
			sourceTree = "<group>";
			versionGroupType = wrapper.xcdatamodel;
		};
/* End XCVersionGroup section */
	};
	rootObject = 8BDE37292CAA9C04000C4034 /* Project object */;
}
